
Microsoft Visual Studio Solution File, Format Version 12.00
# Visual Studio Version 17
VisualStudioVersion = 17.1.32407.343
MinimumVisualStudioVersion = 10.0.40219.1
Project("{FAE04EC0-301F-11D3-BF4B-00C04F79EFBC}") = "Level_18_Vin_Fletches_Arrows", "Level_18_Vin_Fletches_Arrows.csproj", "{B1A1F1FB-1C7D-4FCC-A141-91217718D37D}"
EndProject
Global
	GlobalSection(SolutionConfigurationPlatforms) = preSolution
		Debug|Any CPU = Debug|Any CPU
		Release|Any CPU = Release|Any CPU
	EndGlobalSection
	GlobalSection(ProjectConfigurationPlatforms) = postSolution
		{B1A1F1FB-1C7D-4FCC-A141-91217718D37D}.Debug|Any CPU.ActiveCfg = Debug|Any CPU
		{B1A1F1FB-1C7D-4FCC-A141-91217718D37D}.Debug|Any CPU.Build.0 = Debug|Any CPU
		{B1A1F1FB-1C7D-4FCC-A141-91217718D37D}.Release|Any CPU.ActiveCfg = Release|Any CPU
		{B1A1F1FB-1C7D-4FCC-A141-91217718D37D}.Release|Any CPU.Build.0 = Release|Any CPU
	EndGlobalSection
	GlobalSection(SolutionProperties) = preSolution
		HideSolutionNode = FALSE
	EndGlobalSection
	GlobalSection(ExtensibilityGlobals) = postSolution
		SolutionGuid = {4DAFF0E5-C1D7-403B-B558-1C9A89D6ACFF}
	EndGlobalSection
EndGlobal
